
Microsoft Visual Studio Solution File, Format Version 12.00
# Visual Studio Version 17
VisualStudioVersion = 17.3.32825.248
MinimumVisualStudioVersion = 10.0.40219.1
Project("{FAE04EC0-301F-11D3-BF4B-00C04F79EFBC}") = "ObligatoriskOpgave2", "ObligatoriskOpgave2\ObligatoriskOpgave2.csproj", "{97AC7868-75B2-4BDD-A15A-086998DC8E62}"
EndProject
Global
	GlobalSection(SolutionConfigurationPlatforms) = preSolution
		Debug|Any CPU = Debug|Any CPU
		Release|Any CPU = Release|Any CPU
	EndGlobalSection
	GlobalSection(ProjectConfigurationPlatforms) = postSolution
		{97AC7868-75B2-4BDD-A15A-086998DC8E62}.Debug|Any CPU.ActiveCfg = Debug|Any CPU
		{97AC7868-75B2-4BDD-A15A-086998DC8E62}.Debug|Any CPU.Build.0 = Debug|Any CPU
		{97AC7868-75B2-4BDD-A15A-086998DC8E62}.Release|Any CPU.ActiveCfg = Release|Any CPU
		{97AC7868-75B2-4BDD-A15A-086998DC8E62}.Release|Any CPU.Build.0 = Release|Any CPU
	EndGlobalSection
	GlobalSection(SolutionProperties) = preSolution
		HideSolutionNode = FALSE
	EndGlobalSection
	GlobalSection(ExtensibilityGlobals) = postSolution
		SolutionGuid = {9B451D33-8E1E-4B79-B3EF-7868A9ADB65E}
	EndGlobalSection
EndGlobal
